# THIS IS AN AUTOGENERATED FILE. DO NOT EDIT THIS FILE DIRECTLY.
# yarn lockfile v1


"@firebase/app-types@0.7.0":
  version "0.7.0"
  resolved "https://registry.npmjs.org/@firebase/app-types/-/app-types-0.7.0.tgz"

"@firebase/auth-interop-types@0.1.6":
  version "0.1.6"
  resolved "https://registry.npmjs.org/@firebase/auth-interop-types/-/auth-interop-types-0.1.6.tgz"

"@firebase/component@0.5.10":
  version "0.5.10"
  resolved "https://registry.npmjs.org/@firebase/component/-/component-0.5.10.tgz"
  dependencies:
    "@firebase/util" "1.4.3"
    tslib "^2.1.0"

"@firebase/database-compat@^0.1.1":
  version "0.1.5"
  resolved "https://registry.npmjs.org/@firebase/database-compat/-/database-compat-0.1.5.tgz"
  dependencies:
    "@firebase/component" "0.5.10"
    "@firebase/database" "0.12.5"
    "@firebase/database-types" "0.9.4"
    "@firebase/logger" "0.3.2"
    "@firebase/util" "1.4.3"
    tslib "^2.1.0"

"@firebase/database-types@0.9.4", "@firebase/database-types@^0.9.3":
  version "0.9.4"
  resolved "https://registry.npmjs.org/@firebase/database-types/-/database-types-0.9.4.tgz"
  dependencies:
    "@firebase/app-types" "0.7.0"
    "@firebase/util" "1.4.3"

"@firebase/database@0.12.5":
  version "0.12.5"
  resolved "https://registry.npmjs.org/@firebase/database/-/database-0.12.5.tgz"
  dependencies:
    "@firebase/auth-interop-types" "0.1.6"
    "@firebase/component" "0.5.10"
    "@firebase/logger" "0.3.2"
    "@firebase/util" "1.4.3"
    faye-websocket "0.11.4"
    tslib "^2.1.0"

"@firebase/logger@0.3.2":
  version "0.3.2"
  resolved "https://registry.npmjs.org/@firebase/logger/-/logger-0.3.2.tgz"
  dependencies:
    tslib "^2.1.0"

"@firebase/util@1.4.3":
  version "1.4.3"
  resolved "https://registry.npmjs.org/@firebase/util/-/util-1.4.3.tgz"
  dependencies:
    tslib "^2.1.0"

"@google-cloud/common@^3.8.1":
  version "3.9.0"
  resolved "https://registry.npmjs.org/@google-cloud/common/-/common-3.9.0.tgz"
  dependencies:
    "@google-cloud/projectify" "^2.0.0"
    "@google-cloud/promisify" "^2.0.0"
    arrify "^2.0.1"
    duplexify "^4.1.1"
    ent "^2.2.0"
    extend "^3.0.2"
    google-auth-library "^7.9.2"
    retry-request "^4.2.2"
    teeny-request "^7.0.0"

"@google-cloud/firestore@^4.5.0":
  version "4.15.1"
  resolved "https://registry.npmjs.org/@google-cloud/firestore/-/firestore-4.15.1.tgz"
  dependencies:
    fast-deep-equal "^3.1.1"
    functional-red-black-tree "^1.0.1"
    google-gax "^2.24.1"
    protobufjs "^6.8.6"

"@google-cloud/monitoring@^2.3.5":
  version "2.3.5"
  resolved "https://registry.npmjs.org/@google-cloud/monitoring/-/monitoring-2.3.5.tgz"
  dependencies:
    google-gax "^2.24.1"

"@google-cloud/paginator@^3.0.0":
  version "3.0.6"
  resolved "https://registry.npmjs.org/@google-cloud/paginator/-/paginator-3.0.6.tgz"
  dependencies:
    arrify "^2.0.0"
    extend "^3.0.2"

"@google-cloud/projectify@^2.0.0":
  version "2.1.1"
  resolved "https://registry.npmjs.org/@google-cloud/projectify/-/projectify-2.1.1.tgz"

"@google-cloud/promisify@^2.0.0":
  version "2.0.4"
  resolved "https://registry.npmjs.org/@google-cloud/promisify/-/promisify-2.0.4.tgz"

"@google-cloud/storage@^5.18.0", "@google-cloud/storage@^5.3.0":
  version "5.18.0"
  resolved "https://registry.npmjs.org/@google-cloud/storage/-/storage-5.18.0.tgz"
  dependencies:
    "@google-cloud/common" "^3.8.1"
    "@google-cloud/paginator" "^3.0.0"
    "@google-cloud/promisify" "^2.0.0"
    abort-controller "^3.0.0"
    arrify "^2.0.0"
    async-retry "^1.3.3"
    compressible "^2.0.12"
    configstore "^5.0.0"
    date-and-time "^2.0.0"
    duplexify "^4.0.0"
    extend "^3.0.2"
    gaxios "^4.0.0"
    get-stream "^6.0.0"
    google-auth-library "^7.0.0"
    hash-stream-validation "^0.2.2"
    mime "^3.0.0"
    mime-types "^2.0.8"
    p-limit "^3.0.1"
    pumpify "^2.0.0"
    snakeize "^0.1.0"
    stream-events "^1.0.4"
    xdg-basedir "^4.0.0"

"@grpc/grpc-js@~1.5.0":
  version "1.5.3"
  resolved "https://registry.npmjs.org/@grpc/grpc-js/-/grpc-js-1.5.3.tgz"
  dependencies:
    "@grpc/proto-loader" "^0.6.4"
    "@types/node" ">=12.12.47"

"@grpc/proto-loader@^0.6.1", "@grpc/proto-loader@^0.6.4":
  version "0.6.9"
  resolved "https://registry.npmjs.org/@grpc/proto-loader/-/proto-loader-0.6.9.tgz"
  dependencies:
    "@types/long" "^4.0.1"
    lodash.camelcase "^4.3.0"
    long "^4.0.0"
    protobufjs "^6.10.0"
    yargs "^16.2.0"

"@panva/asn1.js@^1.0.0":
  version "1.0.0"
  resolved "https://registry.yarnpkg.com/@panva/asn1.js/-/asn1.js-1.0.0.tgz#dd55ae7b8129e02049f009408b97c61ccf9032f6"

"@protobufjs/aspromise@^1.1.1", "@protobufjs/aspromise@^1.1.2":
  version "1.1.2"
  resolved "https://registry.yarnpkg.com/@protobufjs/aspromise/-/aspromise-1.1.2.tgz#9b8b0cc663d669a7d8f6f5d0893a14d348f30fbf"

"@protobufjs/base64@^1.1.2":
  version "1.1.2"
  resolved "https://registry.yarnpkg.com/@protobufjs/base64/-/base64-1.1.2.tgz#4c85730e59b9a1f1f349047dbf24296034bb2735"

"@protobufjs/codegen@^2.0.4":
  version "2.0.4"
  resolved "https://registry.yarnpkg.com/@protobufjs/codegen/-/codegen-2.0.4.tgz#7ef37f0d010fb028ad1ad59722e506d9262815cb"

"@protobufjs/eventemitter@^1.1.0":
  version "1.1.0"
  resolved "https://registry.yarnpkg.com/@protobufjs/eventemitter/-/eventemitter-1.1.0.tgz#355cbc98bafad5978f9ed095f397621f1d066b70"

"@protobufjs/fetch@^1.1.0":
  version "1.1.0"
  resolved "https://registry.yarnpkg.com/@protobufjs/fetch/-/fetch-1.1.0.tgz#ba99fb598614af65700c1619ff06d454b0d84c45"
  dependencies:
    "@protobufjs/aspromise" "^1.1.1"
    "@protobufjs/inquire" "^1.1.0"

"@protobufjs/float@^1.0.2":
  version "1.0.2"
  resolved "https://registry.yarnpkg.com/@protobufjs/float/-/float-1.0.2.tgz#5e9e1abdcb73fc0a7cb8b291df78c8cbd97b87d1"

"@protobufjs/inquire@^1.1.0":
  version "1.1.0"
  resolved "https://registry.yarnpkg.com/@protobufjs/inquire/-/inquire-1.1.0.tgz#ff200e3e7cf2429e2dcafc1140828e8cc638f089"

"@protobufjs/path@^1.1.2":
  version "1.1.2"
  resolved "https://registry.yarnpkg.com/@protobufjs/path/-/path-1.1.2.tgz#6cc2b20c5c9ad6ad0dccfd21ca7673d8d7fbf68d"

"@protobufjs/pool@^1.1.0":
  version "1.1.0"
  resolved "https://registry.yarnpkg.com/@protobufjs/pool/-/pool-1.1.0.tgz#09fd15f2d6d3abfa9b65bc366506d6ad7846ff54"

"@protobufjs/utf8@^1.1.0":
  version "1.1.0"
  resolved "https://registry.yarnpkg.com/@protobufjs/utf8/-/utf8-1.1.0.tgz#a777360b5b39a1a2e5106f8e858f2fd2d060c570"

"@tootallnate/once@2":
  version "2.0.0"
  resolved "https://registry.npmjs.org/@tootallnate/once/-/once-2.0.0.tgz"

"@types/body-parser@*":
  version "1.19.2"
  resolved "https://registry.npmjs.org/@types/body-parser/-/body-parser-1.19.2.tgz"
  dependencies:
    "@types/connect" "*"
    "@types/node" "*"

"@types/connect@*":
  version "3.4.35"
  resolved "https://registry.npmjs.org/@types/connect/-/connect-3.4.35.tgz"
  dependencies:
    "@types/node" "*"

"@types/cors@^2.8.5":
  version "2.8.12"
  resolved "https://registry.npmjs.org/@types/cors/-/cors-2.8.12.tgz"

"@types/express-jwt@0.0.42":
  version "0.0.42"
  resolved "https://registry.npmjs.org/@types/express-jwt/-/express-jwt-0.0.42.tgz"
  dependencies:
    "@types/express" "*"
    "@types/express-unless" "*"

"@types/express-serve-static-core@*":
  version "4.17.28"
  resolved "https://registry.npmjs.org/@types/express-serve-static-core/-/express-serve-static-core-4.17.28.tgz"
  dependencies:
    "@types/node" "*"
    "@types/qs" "*"
    "@types/range-parser" "*"

"@types/express-unless@*":
  version "0.5.2"
  resolved "https://registry.npmjs.org/@types/express-unless/-/express-unless-0.5.2.tgz"
  dependencies:
    "@types/express" "*"

"@types/express@*", "@types/express@4.17.3":
  version "4.17.3"
  resolved "https://registry.npmjs.org/@types/express/-/express-4.17.3.tgz"
  dependencies:
    "@types/body-parser" "*"
    "@types/express-serve-static-core" "*"
    "@types/serve-static" "*"

"@types/lodash@^4.14.104":
  version "4.14.178"
  resolved "https://registry.npmjs.org/@types/lodash/-/lodash-4.14.178.tgz"

"@types/long@^4.0.0", "@types/long@^4.0.1":
  version "4.0.2"
  resolved "https://registry.yarnpkg.com/@types/long/-/long-4.0.2.tgz#b74129719fc8d11c01868010082d483b7545591a"

"@types/mime@^1":
  version "1.3.2"
  resolved "https://registry.npmjs.org/@types/mime/-/mime-1.3.2.tgz"

"@types/node@*", "@types/node@>=12.12.47", "@types/node@>=13.7.0":
  version "18.11.8"
  resolved "https://registry.yarnpkg.com/@types/node/-/node-18.11.8.tgz#16d222a58d4363a2a359656dd20b28414de5d265"

"@types/qs@*":
  version "6.9.7"
  resolved "https://registry.npmjs.org/@types/qs/-/qs-6.9.7.tgz"

"@types/range-parser@*":
  version "1.2.4"
  resolved "https://registry.npmjs.org/@types/range-parser/-/range-parser-1.2.4.tgz"

"@types/serve-static@*":
  version "1.13.10"
  resolved "https://registry.npmjs.org/@types/serve-static/-/serve-static-1.13.10.tgz"
  dependencies:
    "@types/mime" "^1"
    "@types/node" "*"

abort-controller@^3.0.0:
  version "3.0.0"
  resolved "https://registry.npmjs.org/abort-controller/-/abort-controller-3.0.0.tgz"
  dependencies:
    event-target-shim "^5.0.0"

accepts@~1.3.8:
  version "1.3.8"
  resolved "https://registry.yarnpkg.com/accepts/-/accepts-1.3.8.tgz#0bf0be125b67014adcb0b0921e62db7bffe16b2e"
  dependencies:
    mime-types "~2.1.34"
    negotiator "0.6.3"

agent-base@6:
  version "6.0.2"
  resolved "https://registry.npmjs.org/agent-base/-/agent-base-6.0.2.tgz"
  dependencies:
    debug "4"

ansi-regex@^5.0.1:
  version "5.0.1"
  resolved "https://registry.npmjs.org/ansi-regex/-/ansi-regex-5.0.1.tgz"

ansi-styles@^4.0.0:
  version "4.3.0"
  resolved "https://registry.npmjs.org/ansi-styles/-/ansi-styles-4.3.0.tgz"
  dependencies:
    color-convert "^2.0.1"

array-flatten@1.1.1:
  version "1.1.1"
  resolved "https://registry.yarnpkg.com/array-flatten/-/array-flatten-1.1.1.tgz#9a5f699051b1e7073328f2a008968b64ea2955d2"

arrify@^2.0.0, arrify@^2.0.1:
  version "2.0.1"
  resolved "https://registry.npmjs.org/arrify/-/arrify-2.0.1.tgz"

async-retry@^1.3.3:
  version "1.3.3"
  resolved "https://registry.npmjs.org/async-retry/-/async-retry-1.3.3.tgz"
  dependencies:
    retry "0.13.1"

base64-js@^1.3.0:
  version "1.5.1"
  resolved "https://registry.npmjs.org/base64-js/-/base64-js-1.5.1.tgz"

bignumber.js@^9.0.0:
  version "9.0.2"
  resolved "https://registry.npmjs.org/bignumber.js/-/bignumber.js-9.0.2.tgz"

body-parser@1.20.1:
  version "1.20.1"
  resolved "https://registry.yarnpkg.com/body-parser/-/body-parser-1.20.1.tgz#b1812a8912c195cd371a3ee5e66faa2338a5c668"
  dependencies:
    bytes "3.1.2"
    content-type "~1.0.4"
    debug "2.6.9"
    depd "2.0.0"
    destroy "1.2.0"
    http-errors "2.0.0"
    iconv-lite "0.4.24"
    on-finished "2.4.1"
    qs "6.11.0"
    raw-body "2.5.1"
    type-is "~1.6.18"
    unpipe "1.0.0"

buffer-equal-constant-time@1.0.1:
  version "1.0.1"
  resolved "https://registry.npmjs.org/buffer-equal-constant-time/-/buffer-equal-constant-time-1.0.1.tgz"

bytes@3.1.2:
  version "3.1.2"
  resolved "https://registry.yarnpkg.com/bytes/-/bytes-3.1.2.tgz#8b0beeb98605adf1b128fa4386403c009e0221a5"

call-bind@^1.0.0:
  version "1.0.2"
  resolved "https://registry.yarnpkg.com/call-bind/-/call-bind-1.0.2.tgz#b1d4e89e688119c3c9a903ad30abb2f6a919be3c"
  dependencies:
    function-bind "^1.1.1"
    get-intrinsic "^1.0.2"

cliui@^7.0.2:
  version "7.0.4"
  resolved "https://registry.npmjs.org/cliui/-/cliui-7.0.4.tgz"
  dependencies:
    string-width "^4.2.0"
    strip-ansi "^6.0.0"
    wrap-ansi "^7.0.0"

color-convert@^2.0.1:
  version "2.0.1"
  resolved "https://registry.npmjs.org/color-convert/-/color-convert-2.0.1.tgz"
  dependencies:
    color-name "~1.1.4"

color-name@~1.1.4:
  version "1.1.4"
  resolved "https://registry.npmjs.org/color-name/-/color-name-1.1.4.tgz"

compressible@^2.0.12:
  version "2.0.18"
  resolved "https://registry.npmjs.org/compressible/-/compressible-2.0.18.tgz"
  dependencies:
    mime-db ">= 1.43.0 < 2"

configstore@^5.0.0:
  version "5.0.1"
  resolved "https://registry.npmjs.org/configstore/-/configstore-5.0.1.tgz"
  dependencies:
    dot-prop "^5.2.0"
    graceful-fs "^4.1.2"
    make-dir "^3.0.0"
    unique-string "^2.0.0"
    write-file-atomic "^3.0.0"
    xdg-basedir "^4.0.0"

content-disposition@0.5.4:
  version "0.5.4"
  resolved "https://registry.yarnpkg.com/content-disposition/-/content-disposition-0.5.4.tgz#8b82b4efac82512a02bb0b1dcec9d2c5e8eb5bfe"
  dependencies:
    safe-buffer "5.2.1"

content-type@~1.0.4:
  version "1.0.4"
  resolved "https://registry.yarnpkg.com/content-type/-/content-type-1.0.4.tgz#e138cc75e040c727b1966fe5e5f8c9aee256fe3b"

cookie-signature@1.0.6:
  version "1.0.6"
  resolved "https://registry.yarnpkg.com/cookie-signature/-/cookie-signature-1.0.6.tgz#e303a882b342cc3ee8ca513a79999734dab3ae2c"

cookie@0.5.0:
  version "0.5.0"
  resolved "https://registry.yarnpkg.com/cookie/-/cookie-0.5.0.tgz#d1f5d71adec6558c58f389987c366aa47e994f8b"

cors@^2.8.5:
  version "2.8.5"
  resolved "https://registry.npmjs.org/cors/-/cors-2.8.5.tgz"
  dependencies:
    object-assign "^4"
    vary "^1"

crypto-random-string@^2.0.0:
  version "2.0.0"
  resolved "https://registry.npmjs.org/crypto-random-string/-/crypto-random-string-2.0.0.tgz"

date-and-time@^2.0.0:
  version "2.1.0"
  resolved "https://registry.npmjs.org/date-and-time/-/date-and-time-2.1.0.tgz"

debug@2.6.9:
  version "2.6.9"
  resolved "https://registry.yarnpkg.com/debug/-/debug-2.6.9.tgz#5d128515df134ff327e90a4c93f4e077a536341f"
  dependencies:
    ms "2.0.0"

debug@4, debug@^4.1.1, debug@^4.3.2:
  version "4.3.3"
  resolved "https://registry.npmjs.org/debug/-/debug-4.3.3.tgz"
  dependencies:
    ms "2.1.2"

depd@2.0.0:
  version "2.0.0"
  resolved "https://registry.yarnpkg.com/depd/-/depd-2.0.0.tgz#b696163cc757560d09cf22cc8fad1571b79e76df"

destroy@1.2.0:
  version "1.2.0"
  resolved "https://registry.yarnpkg.com/destroy/-/destroy-1.2.0.tgz#4803735509ad8be552934c67df614f94e66fa015"

dicer@^0.3.0:
  version "0.3.1"
  resolved "https://registry.npmjs.org/dicer/-/dicer-0.3.1.tgz"
  dependencies:
    streamsearch "^1.1.0"

dot-prop@^5.2.0:
  version "5.3.0"
  resolved "https://registry.npmjs.org/dot-prop/-/dot-prop-5.3.0.tgz"
  dependencies:
    is-obj "^2.0.0"

duplexify@^4.0.0, duplexify@^4.1.1:
  version "4.1.2"
  resolved "https://registry.npmjs.org/duplexify/-/duplexify-4.1.2.tgz"
  dependencies:
    end-of-stream "^1.4.1"
    inherits "^2.0.3"
    readable-stream "^3.1.1"
    stream-shift "^1.0.0"

ecdsa-sig-formatter@1.0.11, ecdsa-sig-formatter@^1.0.11:
  version "1.0.11"
  resolved "https://registry.npmjs.org/ecdsa-sig-formatter/-/ecdsa-sig-formatter-1.0.11.tgz"
  dependencies:
    safe-buffer "^5.0.1"

ee-first@1.1.1:
  version "1.1.1"
  resolved "https://registry.yarnpkg.com/ee-first/-/ee-first-1.1.1.tgz#590c61156b0ae2f4f0255732a158b266bc56b21d"

emoji-regex@^8.0.0:
  version "8.0.0"
  resolved "https://registry.npmjs.org/emoji-regex/-/emoji-regex-8.0.0.tgz"

encodeurl@~1.0.2:
  version "1.0.2"
  resolved "https://registry.yarnpkg.com/encodeurl/-/encodeurl-1.0.2.tgz#ad3ff4c86ec2d029322f5a02c3a9a606c95b3f59"

end-of-stream@^1.1.0, end-of-stream@^1.4.1:
  version "1.4.4"
  resolved "https://registry.npmjs.org/end-of-stream/-/end-of-stream-1.4.4.tgz"
  dependencies:
    once "^1.4.0"

ent@^2.2.0:
  version "2.2.0"
  resolved "https://registry.npmjs.org/ent/-/ent-2.2.0.tgz"

escalade@^3.1.1:
  version "3.1.1"
  resolved "https://registry.npmjs.org/escalade/-/escalade-3.1.1.tgz"

escape-html@~1.0.3:
  version "1.0.3"
  resolved "https://registry.yarnpkg.com/escape-html/-/escape-html-1.0.3.tgz#0258eae4d3d0c0974de1c169188ef0051d1d1988"

etag@~1.8.1:
  version "1.8.1"
  resolved "https://registry.yarnpkg.com/etag/-/etag-1.8.1.tgz#41ae2eeb65efa62268aebfea83ac7d79299b0887"

event-target-shim@^5.0.0:
  version "5.0.1"
  resolved "https://registry.npmjs.org/event-target-shim/-/event-target-shim-5.0.1.tgz"

express@^4.17.1:
  version "4.18.2"
  resolved "https://registry.yarnpkg.com/express/-/express-4.18.2.tgz#3fabe08296e930c796c19e3c516979386ba9fd59"
  dependencies:
    accepts "~1.3.8"
    array-flatten "1.1.1"
    body-parser "1.20.1"
    content-disposition "0.5.4"
    content-type "~1.0.4"
    cookie "0.5.0"
    cookie-signature "1.0.6"
    debug "2.6.9"
    depd "2.0.0"
    encodeurl "~1.0.2"
    escape-html "~1.0.3"
    etag "~1.8.1"
    finalhandler "1.2.0"
    fresh "0.5.2"
    http-errors "2.0.0"
    merge-descriptors "1.0.1"
    methods "~1.1.2"
    on-finished "2.4.1"
    parseurl "~1.3.3"
    path-to-regexp "0.1.7"
    proxy-addr "~2.0.7"
    qs "6.11.0"
    range-parser "~1.2.1"
    safe-buffer "5.2.1"
    send "0.18.0"
    serve-static "1.15.0"
    setprototypeof "1.2.0"
    statuses "2.0.1"
    type-is "~1.6.18"
    utils-merge "1.0.1"
    vary "~1.1.2"

extend@^3.0.2:
  version "3.0.2"
  resolved "https://registry.npmjs.org/extend/-/extend-3.0.2.tgz"

fast-deep-equal@^3.1.1:
  version "3.1.3"
  resolved "https://registry.npmjs.org/fast-deep-equal/-/fast-deep-equal-3.1.3.tgz"

fast-text-encoding@^1.0.0, fast-text-encoding@^1.0.3:
  version "1.0.3"
  resolved "https://registry.npmjs.org/fast-text-encoding/-/fast-text-encoding-1.0.3.tgz"

faye-websocket@0.11.4:
  version "0.11.4"
  resolved "https://registry.npmjs.org/faye-websocket/-/faye-websocket-0.11.4.tgz"
  dependencies:
    websocket-driver ">=0.5.1"

finalhandler@1.2.0:
  version "1.2.0"
  resolved "https://registry.yarnpkg.com/finalhandler/-/finalhandler-1.2.0.tgz#7d23fe5731b207b4640e4fcd00aec1f9207a7b32"
  dependencies:
    debug "2.6.9"
    encodeurl "~1.0.2"
    escape-html "~1.0.3"
    on-finished "2.4.1"
    parseurl "~1.3.3"
    statuses "2.0.1"
    unpipe "~1.0.0"

firebase-admin@^10.0.2:
  version "10.0.2"
  resolved "https://registry.npmjs.org/firebase-admin/-/firebase-admin-10.0.2.tgz"
  dependencies:
    "@firebase/database-compat" "^0.1.1"
    "@firebase/database-types" "^0.9.3"
    "@types/node" ">=12.12.47"
    dicer "^0.3.0"
    jsonwebtoken "^8.5.1"
    jwks-rsa "^2.0.2"
    node-forge "^1.0.0"
  optionalDependencies:
    "@google-cloud/firestore" "^4.5.0"
    "@google-cloud/storage" "^5.3.0"

firebase-functions-test@^0.2.3:
  version "0.2.3"
  resolved "https://registry.npmjs.org/firebase-functions-test/-/firebase-functions-test-0.2.3.tgz"
  dependencies:
    "@types/lodash" "^4.14.104"
    lodash "^4.17.5"

firebase-functions@^3.16.0:
  version "3.16.0"
  resolved "https://registry.npmjs.org/firebase-functions/-/firebase-functions-3.16.0.tgz"
  dependencies:
    "@types/cors" "^2.8.5"
    "@types/express" "4.17.3"
    cors "^2.8.5"
    express "^4.17.1"
    lodash "^4.17.14"

forwarded@0.2.0:
  version "0.2.0"
  resolved "https://registry.yarnpkg.com/forwarded/-/forwarded-0.2.0.tgz#2269936428aad4c15c7ebe9779a84bf0b2a81811"

fresh@0.5.2:
  version "0.5.2"
  resolved "https://registry.yarnpkg.com/fresh/-/fresh-0.5.2.tgz#3d8cadd90d976569fa835ab1f8e4b23a105605a7"

function-bind@^1.1.1:
  version "1.1.1"
  resolved "https://registry.yarnpkg.com/function-bind/-/function-bind-1.1.1.tgz#a56899d3ea3c9bab874bb9773b7c5ede92f4895d"

functional-red-black-tree@^1.0.1:
  version "1.0.1"
  resolved "https://registry.npmjs.org/functional-red-black-tree/-/functional-red-black-tree-1.0.1.tgz"

gaxios@^4.0.0:
  version "4.3.2"
  resolved "https://registry.npmjs.org/gaxios/-/gaxios-4.3.2.tgz"
  dependencies:
    abort-controller "^3.0.0"
    extend "^3.0.2"
    https-proxy-agent "^5.0.0"
    is-stream "^2.0.0"
    node-fetch "^2.6.1"

gcp-metadata@^4.2.0:
  version "4.3.1"
  resolved "https://registry.npmjs.org/gcp-metadata/-/gcp-metadata-4.3.1.tgz"
  dependencies:
    gaxios "^4.0.0"
    json-bigint "^1.0.0"

get-caller-file@^2.0.5:
  version "2.0.5"
  resolved "https://registry.npmjs.org/get-caller-file/-/get-caller-file-2.0.5.tgz"

get-intrinsic@^1.0.2:
  version "1.1.3"
  resolved "https://registry.yarnpkg.com/get-intrinsic/-/get-intrinsic-1.1.3.tgz#063c84329ad93e83893c7f4f243ef63ffa351385"
  dependencies:
    function-bind "^1.1.1"
    has "^1.0.3"
    has-symbols "^1.0.3"

get-stream@^6.0.0:
  version "6.0.1"
  resolved "https://registry.npmjs.org/get-stream/-/get-stream-6.0.1.tgz"

google-auth-library@^7.0.0, google-auth-library@^7.6.1, google-auth-library@^7.9.2:
  version "7.11.0"
  resolved "https://registry.npmjs.org/google-auth-library/-/google-auth-library-7.11.0.tgz"
  dependencies:
    arrify "^2.0.0"
    base64-js "^1.3.0"
    ecdsa-sig-formatter "^1.0.11"
    fast-text-encoding "^1.0.0"
    gaxios "^4.0.0"
    gcp-metadata "^4.2.0"
    gtoken "^5.0.4"
    jws "^4.0.0"
    lru-cache "^6.0.0"

google-gax@^2.24.1:
  version "2.29.4"
  resolved "https://registry.npmjs.org/google-gax/-/google-gax-2.29.4.tgz"
  dependencies:
    "@grpc/grpc-js" "~1.5.0"
    "@grpc/proto-loader" "^0.6.1"
    "@types/long" "^4.0.0"
    abort-controller "^3.0.0"
    duplexify "^4.0.0"
    fast-text-encoding "^1.0.3"
    google-auth-library "^7.6.1"
    is-stream-ended "^0.1.4"
    node-fetch "^2.6.1"
    object-hash "^2.1.1"
    proto3-json-serializer "^0.1.7"
    protobufjs "6.11.2"
    retry-request "^4.0.0"

google-p12-pem@^3.0.3:
  version "3.1.3"
  resolved "https://registry.npmjs.org/google-p12-pem/-/google-p12-pem-3.1.3.tgz"
  dependencies:
    node-forge "^1.0.0"

graceful-fs@^4.1.2:
  version "4.2.9"
  resolved "https://registry.npmjs.org/graceful-fs/-/graceful-fs-4.2.9.tgz"

gtoken@^5.0.4:
  version "5.3.1"
  resolved "https://registry.npmjs.org/gtoken/-/gtoken-5.3.1.tgz"
  dependencies:
    gaxios "^4.0.0"
    google-p12-pem "^3.0.3"
    jws "^4.0.0"

has-symbols@^1.0.3:
  version "1.0.3"
  resolved "https://registry.yarnpkg.com/has-symbols/-/has-symbols-1.0.3.tgz#bb7b2c4349251dce87b125f7bdf874aa7c8b39f8"

has@^1.0.3:
  version "1.0.3"
  resolved "https://registry.yarnpkg.com/has/-/has-1.0.3.tgz#722d7cbfc1f6aa8241f16dd814e011e1f41e8796"
  dependencies:
    function-bind "^1.1.1"

hash-stream-validation@^0.2.2:
  version "0.2.4"
  resolved "https://registry.npmjs.org/hash-stream-validation/-/hash-stream-validation-0.2.4.tgz"

http-errors@2.0.0:
  version "2.0.0"
  resolved "https://registry.yarnpkg.com/http-errors/-/http-errors-2.0.0.tgz#b7774a1486ef73cf7667ac9ae0858c012c57b9d3"
  dependencies:
    depd "2.0.0"
    inherits "2.0.4"
    setprototypeof "1.2.0"
    statuses "2.0.1"
    toidentifier "1.0.1"

http-parser-js@>=0.5.1:
  version "0.5.5"
  resolved "https://registry.npmjs.org/http-parser-js/-/http-parser-js-0.5.5.tgz"

http-proxy-agent@^5.0.0:
  version "5.0.0"
  resolved "https://registry.npmjs.org/http-proxy-agent/-/http-proxy-agent-5.0.0.tgz"
  dependencies:
    "@tootallnate/once" "2"
    agent-base "6"
    debug "4"

https-proxy-agent@^5.0.0:
  version "5.0.0"
  resolved "https://registry.npmjs.org/https-proxy-agent/-/https-proxy-agent-5.0.0.tgz"
  dependencies:
    agent-base "6"
    debug "4"

iconv-lite@0.4.24:
  version "0.4.24"
  resolved "https://registry.yarnpkg.com/iconv-lite/-/iconv-lite-0.4.24.tgz#2022b4b25fbddc21d2f524974a474aafe733908b"
  dependencies:
    safer-buffer ">= 2.1.2 < 3"

imurmurhash@^0.1.4:
  version "0.1.4"
  resolved "https://registry.npmjs.org/imurmurhash/-/imurmurhash-0.1.4.tgz"

inherits@2.0.4, inherits@^2.0.3:
  version "2.0.4"
  resolved "https://registry.npmjs.org/inherits/-/inherits-2.0.4.tgz"

ipaddr.js@1.9.1:
  version "1.9.1"
  resolved "https://registry.yarnpkg.com/ipaddr.js/-/ipaddr.js-1.9.1.tgz#bff38543eeb8984825079ff3a2a8e6cbd46781b3"

is-fullwidth-code-point@^3.0.0:
  version "3.0.0"
  resolved "https://registry.npmjs.org/is-fullwidth-code-point/-/is-fullwidth-code-point-3.0.0.tgz"

is-obj@^2.0.0:
  version "2.0.0"
  resolved "https://registry.npmjs.org/is-obj/-/is-obj-2.0.0.tgz"

is-stream-ended@^0.1.4:
  version "0.1.4"
  resolved "https://registry.npmjs.org/is-stream-ended/-/is-stream-ended-0.1.4.tgz"

is-stream@^2.0.0:
  version "2.0.1"
  resolved "https://registry.npmjs.org/is-stream/-/is-stream-2.0.1.tgz"

is-typedarray@^1.0.0:
  version "1.0.0"
  resolved "https://registry.npmjs.org/is-typedarray/-/is-typedarray-1.0.0.tgz"

jose@^2.0.5:
  version "2.0.6"
  resolved "https://registry.yarnpkg.com/jose/-/jose-2.0.6.tgz#894ba19169af339d3911be933f913dd02fc57c7c"
  dependencies:
    "@panva/asn1.js" "^1.0.0"

json-bigint@^1.0.0:
  version "1.0.0"
  resolved "https://registry.npmjs.org/json-bigint/-/json-bigint-1.0.0.tgz"
  dependencies:
    bignumber.js "^9.0.0"

jsonwebtoken@^8.5.1:
  version "8.5.1"
  resolved "https://registry.npmjs.org/jsonwebtoken/-/jsonwebtoken-8.5.1.tgz"
  dependencies:
    jws "^3.2.2"
    lodash.includes "^4.3.0"
    lodash.isboolean "^3.0.3"
    lodash.isinteger "^4.0.4"
    lodash.isnumber "^3.0.3"
    lodash.isplainobject "^4.0.6"
    lodash.isstring "^4.0.1"
    lodash.once "^4.0.0"
    ms "^2.1.1"
    semver "^5.6.0"

jwa@^1.4.1:
  version "1.4.1"
  resolved "https://registry.npmjs.org/jwa/-/jwa-1.4.1.tgz"
  dependencies:
    buffer-equal-constant-time "1.0.1"
    ecdsa-sig-formatter "1.0.11"
    safe-buffer "^5.0.1"

jwa@^2.0.0:
  version "2.0.0"
  resolved "https://registry.npmjs.org/jwa/-/jwa-2.0.0.tgz"
  dependencies:
    buffer-equal-constant-time "1.0.1"
    ecdsa-sig-formatter "1.0.11"
    safe-buffer "^5.0.1"

jwks-rsa@^2.0.2:
  version "2.0.5"
  resolved "https://registry.npmjs.org/jwks-rsa/-/jwks-rsa-2.0.5.tgz"
  dependencies:
    "@types/express-jwt" "0.0.42"
    debug "^4.3.2"
    jose "^2.0.5"
    limiter "^1.1.5"
    lru-memoizer "^2.1.4"

jws@^3.2.2:
  version "3.2.2"
  resolved "https://registry.npmjs.org/jws/-/jws-3.2.2.tgz"
  dependencies:
    jwa "^1.4.1"
    safe-buffer "^5.0.1"

jws@^4.0.0:
  version "4.0.0"
  resolved "https://registry.npmjs.org/jws/-/jws-4.0.0.tgz"
  dependencies:
    jwa "^2.0.0"
    safe-buffer "^5.0.1"

limiter@^1.1.5:
  version "1.1.5"
  resolved "https://registry.npmjs.org/limiter/-/limiter-1.1.5.tgz"

lodash.camelcase@^4.3.0:
  version "4.3.0"
  resolved "https://registry.npmjs.org/lodash.camelcase/-/lodash.camelcase-4.3.0.tgz"

lodash.clonedeep@^4.5.0:
  version "4.5.0"
  resolved "https://registry.npmjs.org/lodash.clonedeep/-/lodash.clonedeep-4.5.0.tgz"

lodash.includes@^4.3.0:
  version "4.3.0"
  resolved "https://registry.npmjs.org/lodash.includes/-/lodash.includes-4.3.0.tgz"

lodash.isboolean@^3.0.3:
  version "3.0.3"
  resolved "https://registry.npmjs.org/lodash.isboolean/-/lodash.isboolean-3.0.3.tgz"

lodash.isinteger@^4.0.4:
  version "4.0.4"
  resolved "https://registry.npmjs.org/lodash.isinteger/-/lodash.isinteger-4.0.4.tgz"

lodash.isnumber@^3.0.3:
  version "3.0.3"
  resolved "https://registry.npmjs.org/lodash.isnumber/-/lodash.isnumber-3.0.3.tgz"

lodash.isplainobject@^4.0.6:
  version "4.0.6"
  resolved "https://registry.npmjs.org/lodash.isplainobject/-/lodash.isplainobject-4.0.6.tgz"

lodash.isstring@^4.0.1:
  version "4.0.1"
  resolved "https://registry.npmjs.org/lodash.isstring/-/lodash.isstring-4.0.1.tgz"

lodash.once@^4.0.0:
  version "4.1.1"
  resolved "https://registry.npmjs.org/lodash.once/-/lodash.once-4.1.1.tgz"

lodash@^4.17.14, lodash@^4.17.5:
  version "4.17.21"
  resolved "https://registry.npmjs.org/lodash/-/lodash-4.17.21.tgz"

long@^4.0.0:
  version "4.0.0"
  resolved "https://registry.yarnpkg.com/long/-/long-4.0.0.tgz#9a7b71cfb7d361a194ea555241c92f7468d5bf28"

lru-cache@^6.0.0:
  version "6.0.0"
  resolved "https://registry.npmjs.org/lru-cache/-/lru-cache-6.0.0.tgz"
  dependencies:
    yallist "^4.0.0"

lru-cache@~4.0.0:
  version "4.0.2"
  resolved "https://registry.npmjs.org/lru-cache/-/lru-cache-4.0.2.tgz"
  dependencies:
    pseudomap "^1.0.1"
    yallist "^2.0.0"

lru-memoizer@^2.1.4:
  version "2.1.4"
  resolved "https://registry.npmjs.org/lru-memoizer/-/lru-memoizer-2.1.4.tgz"
  dependencies:
    lodash.clonedeep "^4.5.0"
    lru-cache "~4.0.0"

make-dir@^3.0.0:
  version "3.1.0"
  resolved "https://registry.npmjs.org/make-dir/-/make-dir-3.1.0.tgz"
  dependencies:
    semver "^6.0.0"

media-typer@0.3.0:
  version "0.3.0"
  resolved "https://registry.yarnpkg.com/media-typer/-/media-typer-0.3.0.tgz#8710d7af0aa626f8fffa1ce00168545263255748"

merge-descriptors@1.0.1:
  version "1.0.1"
  resolved "https://registry.yarnpkg.com/merge-descriptors/-/merge-descriptors-1.0.1.tgz#b00aaa556dd8b44568150ec9d1b953f3f90cbb61"

methods@~1.1.2:
  version "1.1.2"
  resolved "https://registry.yarnpkg.com/methods/-/methods-1.1.2.tgz#5529a4d67654134edcc5266656835b0f851afcee"

mime-db@1.51.0, "mime-db@>= 1.43.0 < 2":
  version "1.51.0"
  resolved "https://registry.npmjs.org/mime-db/-/mime-db-1.51.0.tgz"

mime-db@1.52.0:
  version "1.52.0"
  resolved "https://registry.yarnpkg.com/mime-db/-/mime-db-1.52.0.tgz#bbabcdc02859f4987301c856e3387ce5ec43bf70"

mime-types@^2.0.8:
  version "2.1.34"
  resolved "https://registry.npmjs.org/mime-types/-/mime-types-2.1.34.tgz"
  dependencies:
    mime-db "1.51.0"

mime-types@~2.1.24, mime-types@~2.1.34:
  version "2.1.35"
  resolved "https://registry.yarnpkg.com/mime-types/-/mime-types-2.1.35.tgz#381a871b62a734450660ae3deee44813f70d959a"
  dependencies:
    mime-db "1.52.0"

mime@1.6.0:
  version "1.6.0"
  resolved "https://registry.yarnpkg.com/mime/-/mime-1.6.0.tgz#32cd9e5c64553bd58d19a568af452acff04981b1"

mime@^3.0.0:
  version "3.0.0"
  resolved "https://registry.npmjs.org/mime/-/mime-3.0.0.tgz"

ms@2.0.0:
  version "2.0.0"
  resolved "https://registry.yarnpkg.com/ms/-/ms-2.0.0.tgz#5608aeadfc00be6c2901df5f9861788de0d597c8"

ms@2.1.2:
  version "2.1.2"
  resolved "https://registry.npmjs.org/ms/-/ms-2.1.2.tgz"

ms@2.1.3, ms@^2.1.1:
  version "2.1.3"
  resolved "https://registry.npmjs.org/ms/-/ms-2.1.3.tgz"

negotiator@0.6.3:
  version "0.6.3"
  resolved "https://registry.yarnpkg.com/negotiator/-/negotiator-0.6.3.tgz#58e323a72fedc0d6f9cd4d31fe49f51479590ccd"

node-fetch@^2.6.1:
  version "2.6.7"
  resolved "https://registry.npmjs.org/node-fetch/-/node-fetch-2.6.7.tgz"
  dependencies:
    whatwg-url "^5.0.0"

node-forge@^1.0.0:
  version "1.2.1"
  resolved "https://registry.npmjs.org/node-forge/-/node-forge-1.2.1.tgz"

object-assign@^4:
  version "4.1.1"
  resolved "https://registry.npmjs.org/object-assign/-/object-assign-4.1.1.tgz"

object-hash@^2.1.1:
  version "2.2.0"
  resolved "https://registry.npmjs.org/object-hash/-/object-hash-2.2.0.tgz"

object-inspect@^1.9.0:
  version "1.12.2"
  resolved "https://registry.yarnpkg.com/object-inspect/-/object-inspect-1.12.2.tgz#c0641f26394532f28ab8d796ab954e43c009a8ea"

on-finished@2.4.1:
  version "2.4.1"
  resolved "https://registry.yarnpkg.com/on-finished/-/on-finished-2.4.1.tgz#58c8c44116e54845ad57f14ab10b03533184ac3f"
  dependencies:
    ee-first "1.1.1"

once@^1.3.1, once@^1.4.0:
  version "1.4.0"
  resolved "https://registry.npmjs.org/once/-/once-1.4.0.tgz"
  dependencies:
    wrappy "1"

p-limit@^3.0.1:
  version "3.1.0"
  resolved "https://registry.npmjs.org/p-limit/-/p-limit-3.1.0.tgz"
  dependencies:
    yocto-queue "^0.1.0"

parseurl@~1.3.3:
  version "1.3.3"
  resolved "https://registry.yarnpkg.com/parseurl/-/parseurl-1.3.3.tgz#9da19e7bee8d12dff0513ed5b76957793bc2e8d4"

path-to-regexp@0.1.7:
  version "0.1.7"
  resolved "https://registry.yarnpkg.com/path-to-regexp/-/path-to-regexp-0.1.7.tgz#df604178005f522f15eb4490e7247a1bfaa67f8c"

proto3-json-serializer@^0.1.7:
  version "0.1.8"
  resolved "https://registry.npmjs.org/proto3-json-serializer/-/proto3-json-serializer-0.1.8.tgz"
  dependencies:
    protobufjs "^6.11.2"

protobufjs@6.11.2:
  version "6.11.2"
  resolved "https://registry.npmjs.org/protobufjs/-/protobufjs-6.11.2.tgz"
  dependencies:
    "@protobufjs/aspromise" "^1.1.2"
    "@protobufjs/base64" "^1.1.2"
    "@protobufjs/codegen" "^2.0.4"
    "@protobufjs/eventemitter" "^1.1.0"
    "@protobufjs/fetch" "^1.1.0"
    "@protobufjs/float" "^1.0.2"
    "@protobufjs/inquire" "^1.1.0"
    "@protobufjs/path" "^1.1.2"
    "@protobufjs/pool" "^1.1.0"
    "@protobufjs/utf8" "^1.1.0"
    "@types/long" "^4.0.1"
    "@types/node" ">=13.7.0"
    long "^4.0.0"

protobufjs@^6.10.0, protobufjs@^6.11.2, protobufjs@^6.8.6:
  version "6.11.3"
  resolved "https://registry.yarnpkg.com/protobufjs/-/protobufjs-6.11.3.tgz#637a527205a35caa4f3e2a9a4a13ddffe0e7af74"
  dependencies:
    "@protobufjs/aspromise" "^1.1.2"
    "@protobufjs/base64" "^1.1.2"
    "@protobufjs/codegen" "^2.0.4"
    "@protobufjs/eventemitter" "^1.1.0"
    "@protobufjs/fetch" "^1.1.0"
    "@protobufjs/float" "^1.0.2"
    "@protobufjs/inquire" "^1.1.0"
    "@protobufjs/path" "^1.1.2"
    "@protobufjs/pool" "^1.1.0"
    "@protobufjs/utf8" "^1.1.0"
    "@types/long" "^4.0.1"
    "@types/node" ">=13.7.0"
    long "^4.0.0"

proxy-addr@~2.0.7:
  version "2.0.7"
  resolved "https://registry.yarnpkg.com/proxy-addr/-/proxy-addr-2.0.7.tgz#f19fe69ceab311eeb94b42e70e8c2070f9ba1025"
  dependencies:
    forwarded "0.2.0"
    ipaddr.js "1.9.1"

pseudomap@^1.0.1:
  version "1.0.2"
  resolved "https://registry.npmjs.org/pseudomap/-/pseudomap-1.0.2.tgz"

pump@^3.0.0:
  version "3.0.0"
  resolved "https://registry.npmjs.org/pump/-/pump-3.0.0.tgz"
  dependencies:
    end-of-stream "^1.1.0"
    once "^1.3.1"

pumpify@^2.0.0:
  version "2.0.1"
  resolved "https://registry.npmjs.org/pumpify/-/pumpify-2.0.1.tgz"
  dependencies:
    duplexify "^4.1.1"
    inherits "^2.0.3"
    pump "^3.0.0"

qs@6.11.0:
  version "6.11.0"
  resolved "https://registry.yarnpkg.com/qs/-/qs-6.11.0.tgz#fd0d963446f7a65e1367e01abd85429453f0c37a"
  dependencies:
    side-channel "^1.0.4"

range-parser@~1.2.1:
  version "1.2.1"
  resolved "https://registry.yarnpkg.com/range-parser/-/range-parser-1.2.1.tgz#3cf37023d199e1c24d1a55b84800c2f3e6468031"

raw-body@2.5.1:
  version "2.5.1"
  resolved "https://registry.yarnpkg.com/raw-body/-/raw-body-2.5.1.tgz#fe1b1628b181b700215e5fd42389f98b71392857"
  dependencies:
    bytes "3.1.2"
    http-errors "2.0.0"
    iconv-lite "0.4.24"
    unpipe "1.0.0"

readable-stream@^3.1.1:
  version "3.6.0"
  resolved "https://registry.npmjs.org/readable-stream/-/readable-stream-3.6.0.tgz"
  dependencies:
    inherits "^2.0.3"
    string_decoder "^1.1.1"
    util-deprecate "^1.0.1"

require-directory@^2.1.1:
  version "2.1.1"
  resolved "https://registry.npmjs.org/require-directory/-/require-directory-2.1.1.tgz"

retry-request@^4.0.0, retry-request@^4.2.2:
  version "4.2.2"
  resolved "https://registry.npmjs.org/retry-request/-/retry-request-4.2.2.tgz"
  dependencies:
    debug "^4.1.1"
    extend "^3.0.2"

retry@0.13.1:
  version "0.13.1"
  resolved "https://registry.npmjs.org/retry/-/retry-0.13.1.tgz"

safe-buffer@5.2.1, safe-buffer@>=5.1.0, safe-buffer@^5.0.1, safe-buffer@~5.2.0:
  version "5.2.1"
  resolved "https://registry.npmjs.org/safe-buffer/-/safe-buffer-5.2.1.tgz"

"safer-buffer@>= 2.1.2 < 3":
  version "2.1.2"
  resolved "https://registry.yarnpkg.com/safer-buffer/-/safer-buffer-2.1.2.tgz#44fa161b0187b9549dd84bb91802f9bd8385cd6a"

semver@^5.6.0:
  version "5.7.1"
  resolved "https://registry.npmjs.org/semver/-/semver-5.7.1.tgz"

semver@^6.0.0:
  version "6.3.0"
  resolved "https://registry.npmjs.org/semver/-/semver-6.3.0.tgz"

send@0.18.0:
  version "0.18.0"
  resolved "https://registry.yarnpkg.com/send/-/send-0.18.0.tgz#670167cc654b05f5aa4a767f9113bb371bc706be"
  dependencies:
    debug "2.6.9"
    depd "2.0.0"
    destroy "1.2.0"
    encodeurl "~1.0.2"
    escape-html "~1.0.3"
    etag "~1.8.1"
    fresh "0.5.2"
    http-errors "2.0.0"
    mime "1.6.0"
    ms "2.1.3"
    on-finished "2.4.1"
    range-parser "~1.2.1"
    statuses "2.0.1"

serve-static@1.15.0:
  version "1.15.0"
  resolved "https://registry.yarnpkg.com/serve-static/-/serve-static-1.15.0.tgz#faaef08cffe0a1a62f60cad0c4e513cff0ac9540"
  dependencies:
    encodeurl "~1.0.2"
    escape-html "~1.0.3"
    parseurl "~1.3.3"
    send "0.18.0"

setprototypeof@1.2.0:
  version "1.2.0"
  resolved "https://registry.yarnpkg.com/setprototypeof/-/setprototypeof-1.2.0.tgz#66c9a24a73f9fc28cbe66b09fed3d33dcaf1b424"

side-channel@^1.0.4:
  version "1.0.4"
  resolved "https://registry.yarnpkg.com/side-channel/-/side-channel-1.0.4.tgz#efce5c8fdc104ee751b25c58d4290011fa5ea2cf"
  dependencies:
    call-bind "^1.0.0"
    get-intrinsic "^1.0.2"
    object-inspect "^1.9.0"

signal-exit@^3.0.2:
  version "3.0.6"
  resolved "https://registry.npmjs.org/signal-exit/-/signal-exit-3.0.6.tgz"

snakeize@^0.1.0:
  version "0.1.0"
  resolved "https://registry.npmjs.org/snakeize/-/snakeize-0.1.0.tgz"

statuses@2.0.1:
  version "2.0.1"
  resolved "https://registry.yarnpkg.com/statuses/-/statuses-2.0.1.tgz#55cb000ccf1d48728bd23c685a063998cf1a1b63"

stream-events@^1.0.4, stream-events@^1.0.5:
  version "1.0.5"
  resolved "https://registry.npmjs.org/stream-events/-/stream-events-1.0.5.tgz"
  dependencies:
    stubs "^3.0.0"

stream-shift@^1.0.0:
  version "1.0.1"
  resolved "https://registry.npmjs.org/stream-shift/-/stream-shift-1.0.1.tgz"

streamsearch@^1.1.0:
  version "1.1.0"
  resolved "https://registry.npmjs.org/streamsearch/-/streamsearch-1.1.0.tgz"

string-width@^4.1.0, string-width@^4.2.0:
  version "4.2.3"
  resolved "https://registry.npmjs.org/string-width/-/string-width-4.2.3.tgz"
  dependencies:
    emoji-regex "^8.0.0"
    is-fullwidth-code-point "^3.0.0"
    strip-ansi "^6.0.1"

string_decoder@^1.1.1:
  version "1.3.0"
  resolved "https://registry.npmjs.org/string_decoder/-/string_decoder-1.3.0.tgz"
  dependencies:
    safe-buffer "~5.2.0"

strip-ansi@^6.0.0, strip-ansi@^6.0.1:
  version "6.0.1"
  resolved "https://registry.npmjs.org/strip-ansi/-/strip-ansi-6.0.1.tgz"
  dependencies:
    ansi-regex "^5.0.1"

stubs@^3.0.0:
  version "3.0.0"
  resolved "https://registry.npmjs.org/stubs/-/stubs-3.0.0.tgz"

teeny-request@^7.0.0:
  version "7.1.3"
  resolved "https://registry.npmjs.org/teeny-request/-/teeny-request-7.1.3.tgz"
  dependencies:
    http-proxy-agent "^5.0.0"
    https-proxy-agent "^5.0.0"
    node-fetch "^2.6.1"
    stream-events "^1.0.5"
    uuid "^8.0.0"

toidentifier@1.0.1:
  version "1.0.1"
  resolved "https://registry.yarnpkg.com/toidentifier/-/toidentifier-1.0.1.tgz#3be34321a88a820ed1bd80dfaa33e479fbb8dd35"

tr46@~0.0.3:
  version "0.0.3"
  resolved "https://registry.npmjs.org/tr46/-/tr46-0.0.3.tgz"

tslib@^2.1.0:
  version "2.3.1"
  resolved "https://registry.npmjs.org/tslib/-/tslib-2.3.1.tgz"

type-is@~1.6.18:
  version "1.6.18"
  resolved "https://registry.yarnpkg.com/type-is/-/type-is-1.6.18.tgz#4e552cd05df09467dcbc4ef739de89f2cf37c131"
  dependencies:
    media-typer "0.3.0"
    mime-types "~2.1.24"

typedarray-to-buffer@^3.1.5:
  version "3.1.5"
  resolved "https://registry.npmjs.org/typedarray-to-buffer/-/typedarray-to-buffer-3.1.5.tgz"
  dependencies:
    is-typedarray "^1.0.0"

typescript@^4.1.3:
  version "4.5.5"
  resolved "https://registry.npmjs.org/typescript/-/typescript-4.5.5.tgz"

unique-string@^2.0.0:
  version "2.0.0"
  resolved "https://registry.npmjs.org/unique-string/-/unique-string-2.0.0.tgz"
  dependencies:
    crypto-random-string "^2.0.0"

unpipe@1.0.0, unpipe@~1.0.0:
  version "1.0.0"
  resolved "https://registry.yarnpkg.com/unpipe/-/unpipe-1.0.0.tgz#b2bf4ee8514aae6165b4817829d21b2ef49904ec"

util-deprecate@^1.0.1:
  version "1.0.2"
  resolved "https://registry.npmjs.org/util-deprecate/-/util-deprecate-1.0.2.tgz"

utils-merge@1.0.1:
  version "1.0.1"
  resolved "https://registry.yarnpkg.com/utils-merge/-/utils-merge-1.0.1.tgz#9f95710f50a267947b2ccc124741c1028427e713"

uuid@^8.0.0:
  version "8.3.2"
  resolved "https://registry.npmjs.org/uuid/-/uuid-8.3.2.tgz"

vary@^1, vary@~1.1.2:
  version "1.1.2"
  resolved "https://registry.npmjs.org/vary/-/vary-1.1.2.tgz"

webidl-conversions@^3.0.0:
  version "3.0.1"
  resolved "https://registry.npmjs.org/webidl-conversions/-/webidl-conversions-3.0.1.tgz"

websocket-driver@>=0.5.1:
  version "0.7.4"
  resolved "https://registry.npmjs.org/websocket-driver/-/websocket-driver-0.7.4.tgz"
  dependencies:
    http-parser-js ">=0.5.1"
    safe-buffer ">=5.1.0"
    websocket-extensions ">=0.1.1"

websocket-extensions@>=0.1.1:
  version "0.1.4"
  resolved "https://registry.npmjs.org/websocket-extensions/-/websocket-extensions-0.1.4.tgz"

whatwg-url@^5.0.0:
  version "5.0.0"
  resolved "https://registry.npmjs.org/whatwg-url/-/whatwg-url-5.0.0.tgz"
  dependencies:
    tr46 "~0.0.3"
    webidl-conversions "^3.0.0"

wrap-ansi@^7.0.0:
  version "7.0.0"
  resolved "https://registry.npmjs.org/wrap-ansi/-/wrap-ansi-7.0.0.tgz"
  dependencies:
    ansi-styles "^4.0.0"
    string-width "^4.1.0"
    strip-ansi "^6.0.0"

wrappy@1:
  version "1.0.2"
  resolved "https://registry.npmjs.org/wrappy/-/wrappy-1.0.2.tgz"

write-file-atomic@^3.0.0:
  version "3.0.3"
  resolved "https://registry.npmjs.org/write-file-atomic/-/write-file-atomic-3.0.3.tgz"
  dependencies:
    imurmurhash "^0.1.4"
    is-typedarray "^1.0.0"
    signal-exit "^3.0.2"
    typedarray-to-buffer "^3.1.5"

xdg-basedir@^4.0.0:
  version "4.0.0"
  resolved "https://registry.npmjs.org/xdg-basedir/-/xdg-basedir-4.0.0.tgz"

y18n@^5.0.5:
  version "5.0.8"
  resolved "https://registry.npmjs.org/y18n/-/y18n-5.0.8.tgz"

yallist@^2.0.0:
  version "2.1.2"
  resolved "https://registry.npmjs.org/yallist/-/yallist-2.1.2.tgz"

yallist@^4.0.0:
  version "4.0.0"
  resolved "https://registry.npmjs.org/yallist/-/yallist-4.0.0.tgz"

yargs-parser@^20.2.2:
  version "20.2.9"
  resolved "https://registry.npmjs.org/yargs-parser/-/yargs-parser-20.2.9.tgz"

yargs@^16.2.0:
  version "16.2.0"
  resolved "https://registry.npmjs.org/yargs/-/yargs-16.2.0.tgz"
  dependencies:
    cliui "^7.0.2"
    escalade "^3.1.1"
    get-caller-file "^2.0.5"
    require-directory "^2.1.1"
    string-width "^4.2.0"
    y18n "^5.0.5"
    yargs-parser "^20.2.2"

yocto-queue@^0.1.0:
  version "0.1.0"
  resolved "https://registry.npmjs.org/yocto-queue/-/yocto-queue-0.1.0.tgz"
